// !$*UTF8*$!
{
	archiveVersion = 1;
	classes = {
	};
	objectVersion = 56;
	objects = {

/* Begin PBXBuildFile section */
		D653AB0C2BCE9E680046718A /* StateObjectCounterView.swift in Sources */ = {isa = PBXBuildFile; fileRef = D653AB0B2BCE9E680046718A /* StateObjectCounterView.swift */; };
		D6832E692BCE5FE000DE08E8 /* StateObjectObservedObjectApp.swift in Sources */ = {isa = PBXBuildFile; fileRef = D6832E682BCE5FE000DE08E8 /* StateObjectObservedObjectApp.swift */; };
		D6832E6B2BCE5FE000DE08E8 /* ContentView.swift in Sources */ = {isa = PBXBuildFile; fileRef = D6832E6A2BCE5FE000DE08E8 /* ContentView.swift */; };
		D6832E6D2BCE5FE200DE08E8 /* Assets.xcassets in Resources */ = {isa = PBXBuildFile; fileRef = D6832E6C2BCE5FE200DE08E8 /* Assets.xcassets */; };
		D6832E702BCE5FE200DE08E8 /* Preview Assets.xcassets in Resources */ = {isa = PBXBuildFile; fileRef = D6832E6F2BCE5FE200DE08E8 /* Preview Assets.xcassets */; };
		D6832E7A2BCE5FE200DE08E8 /* StateObjectObservedObjectTests.swift in Sources */ = {isa = PBXBuildFile; fileRef = D6832E792BCE5FE200DE08E8 /* StateObjectObservedObjectTests.swift */; };
		D6832E842BCE5FE200DE08E8 /* StateObjectObservedObjectUITests.swift in Sources */ = {isa = PBXBuildFile; fileRef = D6832E832BCE5FE200DE08E8 /* StateObjectObservedObjectUITests.swift */; };
		D6832E862BCE5FE200DE08E8 /* StateObjectObservedObjectUITestsLaunchTests.swift in Sources */ = {isa = PBXBuildFile; fileRef = D6832E852BCE5FE200DE08E8 /* StateObjectObservedObjectUITestsLaunchTests.swift */; };
		D6832E932BCE600300DE08E8 /* ViewModel.swift in Sources */ = {isa = PBXBuildFile; fileRef = D6832E922BCE600300DE08E8 /* ViewModel.swift */; };
		D6832E952BCE604200DE08E8 /* CounterView.swift in Sources */ = {isa = PBXBuildFile; fileRef = D6832E942BCE604200DE08E8 /* CounterView.swift */; };
/* End PBXBuildFile section */

/* Begin PBXContainerItemProxy section */
		D6832E762BCE5FE200DE08E8 /* PBXContainerItemProxy */ = {
			isa = PBXContainerItemProxy;
			containerPortal = D6832E5D2BCE5FE000DE08E8 /* Project object */;
			proxyType = 1;
			remoteGlobalIDString = D6832E642BCE5FE000DE08E8;
			remoteInfo = StateObjectObservedObject;
		};
		D6832E802BCE5FE200DE08E8 /* PBXContainerItemProxy */ = {
			isa = PBXContainerItemProxy;
			containerPortal = D6832E5D2BCE5FE000DE08E8 /* Project object */;
			proxyType = 1;
			remoteGlobalIDString = D6832E642BCE5FE000DE08E8;
			remoteInfo = StateObjectObservedObject;
		};
/* End PBXContainerItemProxy section */

/* Begin PBXFileReference section */
		D653AB0B2BCE9E680046718A /* StateObjectCounterView.swift */ = {isa = PBXFileReference; lastKnownFileType = sourcecode.swift; path = StateObjectCounterView.swift; sourceTree = "<group>"; };
		D6832E652BCE5FE000DE08E8 /* StateObjectObservedObject.app */ = {isa = PBXFileReference; explicitFileType = wrapper.application; includeInIndex = 0; path = StateObjectObservedObject.app; sourceTree = BUILT_PRODUCTS_DIR; };
		D6832E682BCE5FE000DE08E8 /* StateObjectObservedObjectApp.swift */ = {isa = PBXFileReference; lastKnownFileType = sourcecode.swift; path = StateObjectObservedObjectApp.swift; sourceTree = "<group>"; };
		D6832E6A2BCE5FE000DE08E8 /* ContentView.swift */ = {isa = PBXFileReference; lastKnownFileType = sourcecode.swift; path = ContentView.swift; sourceTree = "<group>"; };
		D6832E6C2BCE5FE200DE08E8 /* Assets.xcassets */ = {isa = PBXFileReference; lastKnownFileType = folder.assetcatalog; path = Assets.xcassets; sourceTree = "<group>"; };
		D6832E6F2BCE5FE200DE08E8 /* Preview Assets.xcassets */ = {isa = PBXFileReference; lastKnownFileType = folder.assetcatalog; path = "Preview Assets.xcassets"; sourceTree = "<group>"; };
		D6832E752BCE5FE200DE08E8 /* StateObjectObservedObjectTests.xctest */ = {isa = PBXFileReference; explicitFileType = wrapper.cfbundle; includeInIndex = 0; path = StateObjectObservedObjectTests.xctest; sourceTree = BUILT_PRODUCTS_DIR; };
		D6832E792BCE5FE200DE08E8 /* StateObjectObservedObjectTests.swift */ = {isa = PBXFileReference; lastKnownFileType = sourcecode.swift; path = StateObjectObservedObjectTests.swift; sourceTree = "<group>"; };
		D6832E7F2BCE5FE200DE08E8 /* StateObjectObservedObjectUITests.xctest */ = {isa = PBXFileReference; explicitFileType = wrapper.cfbundle; includeInIndex = 0; path = StateObjectObservedObjectUITests.xctest; sourceTree = BUILT_PRODUCTS_DIR; };
		D6832E832BCE5FE200DE08E8 /* StateObjectObservedObjectUITests.swift */ = {isa = PBXFileReference; lastKnownFileType = sourcecode.swift; path = StateObjectObservedObjectUITests.swift; sourceTree = "<group>"; };
		D6832E852BCE5FE200DE08E8 /* StateObjectObservedObjectUITestsLaunchTests.swift */ = {isa = PBXFileReference; lastKnownFileType = sourcecode.swift; path = StateObjectObservedObjectUITestsLaunchTests.swift; sourceTree = "<group>"; };
		D6832E922BCE600300DE08E8 /* ViewModel.swift */ = {isa = PBXFileReference; lastKnownFileType = sourcecode.swift; path = ViewModel.swift; sourceTree = "<group>"; };
		D6832E942BCE604200DE08E8 /* CounterView.swift */ = {isa = PBXFileReference; lastKnownFileType = sourcecode.swift; path = CounterView.swift; sourceTree = "<group>"; };
/* End PBXFileReference section */

/* Begin PBXFrameworksBuildPhase section */
		D6832E622BCE5FE000DE08E8 /* Frameworks */ = {
			isa = PBXFrameworksBuildPhase;
			buildActionMask = 2147483647;
			files = (
			);
			runOnlyForDeploymentPostprocessing = 0;
		};
		D6832E722BCE5FE200DE08E8 /* Frameworks */ = {
			isa = PBXFrameworksBuildPhase;
			buildActionMask = 2147483647;
			files = (
			);
			runOnlyForDeploymentPostprocessing = 0;
		};
		D6832E7C2BCE5FE200DE08E8 /* Frameworks */ = {
			isa = PBXFrameworksBuildPhase;
			buildActionMask = 2147483647;
			files = (
			);
			runOnlyForDeploymentPostprocessing = 0;
		};
/* End PBXFrameworksBuildPhase section */

/* Begin PBXGroup section */
		D6832E5C2BCE5FE000DE08E8 = {
			isa = PBXGroup;
			children = (
				D6832E672BCE5FE000DE08E8 /* StateObjectObservedObject */,
				D6832E782BCE5FE200DE08E8 /* StateObjectObservedObjectTests */,
				D6832E822BCE5FE200DE08E8 /* StateObjectObservedObjectUITests */,
				D6832E662BCE5FE000DE08E8 /* Products */,
			);
			sourceTree = "<group>";
		};
		D6832E662BCE5FE000DE08E8 /* Products */ = {
			isa = PBXGroup;
			children = (
				D6832E652BCE5FE000DE08E8 /* StateObjectObservedObject.app */,
				D6832E752BCE5FE200DE08E8 /* StateObjectObservedObjectTests.xctest */,
				D6832E7F2BCE5FE200DE08E8 /* StateObjectObservedObjectUITests.xctest */,
			);
			name = Products;
			sourceTree = "<group>";
		};
		D6832E672BCE5FE000DE08E8 /* StateObjectObservedObject */ = {
			isa = PBXGroup;
			children = (
				D6832E682BCE5FE000DE08E8 /* StateObjectObservedObjectApp.swift */,
				D6832E6A2BCE5FE000DE08E8 /* ContentView.swift */,
				D6832E6C2BCE5FE200DE08E8 /* Assets.xcassets */,
				D6832E6E2BCE5FE200DE08E8 /* Preview Content */,
				D6832E922BCE600300DE08E8 /* ViewModel.swift */,
				D6832E942BCE604200DE08E8 /* CounterView.swift */,
				D653AB0B2BCE9E680046718A /* StateObjectCounterView.swift */,
			);
			path = StateObjectObservedObject;
			sourceTree = "<group>";
		};
		D6832E6E2BCE5FE200DE08E8 /* Preview Content */ = {
			isa = PBXGroup;
			children = (
				D6832E6F2BCE5FE200DE08E8 /* Preview Assets.xcassets */,
			);
			path = "Preview Content";
			sourceTree = "<group>";
		};
		D6832E782BCE5FE200DE08E8 /* StateObjectObservedObjectTests */ = {
			isa = PBXGroup;
			children = (
				D6832E792BCE5FE200DE08E8 /* StateObjectObservedObjectTests.swift */,
			);
			path = StateObjectObservedObjectTests;
			sourceTree = "<group>";
		};
		D6832E822BCE5FE200DE08E8 /* StateObjectObservedObjectUITests */ = {
			isa = PBXGroup;
			children = (
				D6832E832BCE5FE200DE08E8 /* StateObjectObservedObjectUITests.swift */,
				D6832E852BCE5FE200DE08E8 /* StateObjectObservedObjectUITestsLaunchTests.swift */,
			);
			path = StateObjectObservedObjectUITests;
			sourceTree = "<group>";
		};
/* End PBXGroup section */

/* Begin PBXNativeTarget section */
		D6832E642BCE5FE000DE08E8 /* StateObjectObservedObject */ = {
			isa = PBXNativeTarget;
			buildConfigurationList = D6832E892BCE5FE200DE08E8 /* Build configuration list for PBXNativeTarget "StateObjectObservedObject" */;
			buildPhases = (
				D6832E612BCE5FE000DE08E8 /* Sources */,
				D6832E622BCE5FE000DE08E8 /* Frameworks */,
				D6832E632BCE5FE000DE08E8 /* Resources */,
			);
			buildRules = (
			);
			dependencies = (
			);
			name = StateObjectObservedObject;
			productName = StateObjectObservedObject;
			productReference = D6832E652BCE5FE000DE08E8 /* StateObjectObservedObject.app */;
			productType = "com.apple.product-type.application";
		};
		D6832E742BCE5FE200DE08E8 /* StateObjectObservedObjectTests */ = {
			isa = PBXNativeTarget;
			buildConfigurationList = D6832E8C2BCE5FE200DE08E8 /* Build configuration list for PBXNativeTarget "StateObjectObservedObjectTests" */;
			buildPhases = (
				D6832E712BCE5FE200DE08E8 /* Sources */,
				D6832E722BCE5FE200DE08E8 /* Frameworks */,
				D6832E732BCE5FE200DE08E8 /* Resources */,
			);
			buildRules = (
			);
			dependencies = (
				D6832E772BCE5FE200DE08E8 /* PBXTargetDependency */,
			);
			name = StateObjectObservedObjectTests;
			productName = StateObjectObservedObjectTests;
			productReference = D6832E752BCE5FE200DE08E8 /* StateObjectObservedObjectTests.xctest */;
			productType = "com.apple.product-type.bundle.unit-test";
		};
		D6832E7E2BCE5FE200DE08E8 /* StateObjectObservedObjectUITests */ = {
			isa = PBXNativeTarget;
			buildConfigurationList = D6832E8F2BCE5FE200DE08E8 /* Build configuration list for PBXNativeTarget "StateObjectObservedObjectUITests" */;
			buildPhases = (
				D6832E7B2BCE5FE200DE08E8 /* Sources */,
				D6832E7C2BCE5FE200DE08E8 /* Frameworks */,
				D6832E7D2BCE5FE200DE08E8 /* Resources */,
			);
			buildRules = (
			);
			dependencies = (
				D6832E812BCE5FE200DE08E8 /* PBXTargetDependency */,
			);
			name = StateObjectObservedObjectUITests;
			productName = StateObjectObservedObjectUITests;
			productReference = D6832E7F2BCE5FE200DE08E8 /* StateObjectObservedObjectUITests.xctest */;
			productType = "com.apple.product-type.bundle.ui-testing";
		};
/* End PBXNativeTarget section */

/* Begin PBXProject section */
		D6832E5D2BCE5FE000DE08E8 /* Project object */ = {
			isa = PBXProject;
			attributes = {
				BuildIndependentTargetsInParallel = 1;
				LastSwiftUpdateCheck = 1530;
				LastUpgradeCheck = 1530;
				TargetAttributes = {
					D6832E642BCE5FE000DE08E8 = {
						CreatedOnToolsVersion = 15.3;
					};
					D6832E742BCE5FE200DE08E8 = {
						CreatedOnToolsVersion = 15.3;
						TestTargetID = D6832E642BCE5FE000DE08E8;
					};
					D6832E7E2BCE5FE200DE08E8 = {
						CreatedOnToolsVersion = 15.3;
						TestTargetID = D6832E642BCE5FE000DE08E8;
					};
				};
			};
			buildConfigurationList = D6832E602BCE5FE000DE08E8 /* Build configuration list for PBXProject "StateObjectObservedObject" */;
			compatibilityVersion = "Xcode 14.0";
			developmentRegion = en;
			hasScannedForEncodings = 0;
			knownRegions = (
				en,
				Base,
			);
			mainGroup = D6832E5C2BCE5FE000DE08E8;
			productRefGroup = D6832E662BCE5FE000DE08E8 /* Products */;
			projectDirPath = "";
			projectRoot = "";
			targets = (
				D6832E642BCE5FE000DE08E8 /* StateObjectObservedObject */,
				D6832E742BCE5FE200DE08E8 /* StateObjectObservedObjectTests */,
				D6832E7E2BCE5FE200DE08E8 /* StateObjectObservedObjectUITests */,
			);
		};
/* End PBXProject section */

/* Begin PBXResourcesBuildPhase section */
		D6832E632BCE5FE000DE08E8 /* Resources */ = {
			isa = PBXResourcesBuildPhase;
			buildActionMask = 2147483647;
			files = (
				D6832E702BCE5FE200DE08E8 /* Preview Assets.xcassets in Resources */,
				D6832E6D2BCE5FE200DE08E8 /* Assets.xcassets in Resources */,
			);
			runOnlyForDeploymentPostprocessing = 0;
		};
		D6832E732BCE5FE200DE08E8 /* Resources */ = {
			isa = PBXResourcesBuildPhase;
			buildActionMask = 2147483647;
			files = (
			);
			runOnlyForDeploymentPostprocessing = 0;
		};
		D6832E7D2BCE5FE200DE08E8 /* Resources */ = {
			isa = PBXResourcesBuildPhase;
			buildActionMask = 2147483647;
			files = (
			);
			runOnlyForDeploymentPostprocessing = 0;
		};
/* End PBXResourcesBuildPhase section */

/* Begin PBXSourcesBuildPhase section */
		D6832E612BCE5FE000DE08E8 /* Sources */ = {
			isa = PBXSourcesBuildPhase;
			buildActionMask = 2147483647;
			files = (
				D6832E6B2BCE5FE000DE08E8 /* ContentView.swift in Sources */,
				D6832E932BCE600300DE08E8 /* ViewModel.swift in Sources */,
				D653AB0C2BCE9E680046718A /* StateObjectCounterView.swift in Sources */,
				D6832E692BCE5FE000DE08E8 /* StateObjectObservedObjectApp.swift in Sources */,
				D6832E952BCE604200DE08E8 /* CounterView.swift in Sources */,
			);
			runOnlyForDeploymentPostprocessing = 0;
		};
		D6832E712BCE5FE200DE08E8 /* Sources */ = {
			isa = PBXSourcesBuildPhase;
			buildActionMask = 2147483647;
			files = (
				D6832E7A2BCE5FE200DE08E8 /* StateObjectObservedObjectTests.swift in Sources */,
			);
			runOnlyForDeploymentPostprocessing = 0;
		};
		D6832E7B2BCE5FE200DE08E8 /* Sources */ = {
			isa = PBXSourcesBuildPhase;
			buildActionMask = 2147483647;
			files = (
				D6832E862BCE5FE200DE08E8 /* StateObjectObservedObjectUITestsLaunchTests.swift in Sources */,
				D6832E842BCE5FE200DE08E8 /* StateObjectObservedObjectUITests.swift in Sources */,
			);
			runOnlyForDeploymentPostprocessing = 0;
		};
/* End PBXSourcesBuildPhase section */

/* Begin PBXTargetDependency section */
		D6832E772BCE5FE200DE08E8 /* PBXTargetDependency */ = {
			isa = PBXTargetDependency;
			target = D6832E642BCE5FE000DE08E8 /* StateObjectObservedObject */;
			targetProxy = D6832E762BCE5FE200DE08E8 /* PBXContainerItemProxy */;
		};
		D6832E812BCE5FE200DE08E8 /* PBXTargetDependency */ = {
			isa = PBXTargetDependency;
			target = D6832E642BCE5FE000DE08E8 /* StateObjectObservedObject */;
			targetProxy = D6832E802BCE5FE200DE08E8 /* PBXContainerItemProxy */;
		};
/* End PBXTargetDependency section */

/* Begin XCBuildConfiguration section */
		D6832E872BCE5FE200DE08E8 /* Debug */ = {
			isa = XCBuildConfiguration;
			buildSettings = {
				ALWAYS_SEARCH_USER_PATHS = NO;
				ASSETCATALOG_COMPILER_GENERATE_SWIFT_ASSET_SYMBOL_EXTENSIONS = YES;
				CLANG_ANALYZER_NONNULL = YES;
				CLANG_ANALYZER_NUMBER_OBJECT_CONVERSION = YES_AGGRESSIVE;
				CLANG_CXX_LANGUAGE_STANDARD = "gnu++20";
				CLANG_ENABLE_MODULES = YES;
				CLANG_ENABLE_OBJC_ARC = YES;
				CLANG_ENABLE_OBJC_WEAK = YES;
				CLANG_WARN_BLOCK_CAPTURE_AUTORELEASING = YES;
				CLANG_WARN_BOOL_CONVERSION = YES;
				CLANG_WARN_COMMA = YES;
				CLANG_WARN_CONSTANT_CONVERSION = YES;
				CLANG_WARN_DEPRECATED_OBJC_IMPLEMENTATIONS = YES;
				CLANG_WARN_DIRECT_OBJC_ISA_USAGE = YES_ERROR;
				CLANG_WARN_DOCUMENTATION_COMMENTS = YES;
				CLANG_WARN_EMPTY_BODY = YES;
				CLANG_WARN_ENUM_CONVERSION = YES;
				CLANG_WARN_INFINITE_RECURSION = YES;
				CLANG_WARN_INT_CONVERSION = YES;
				CLANG_WARN_NON_LITERAL_NULL_CONVERSION = YES;
				CLANG_WARN_OBJC_IMPLICIT_RETAIN_SELF = YES;
				CLANG_WARN_OBJC_LITERAL_CONVERSION = YES;
				CLANG_WARN_OBJC_ROOT_CLASS = YES_ERROR;
				CLANG_WARN_QUOTED_INCLUDE_IN_FRAMEWORK_HEADER = YES;
				CLANG_WARN_RANGE_LOOP_ANALYSIS = YES;
				CLANG_WARN_STRICT_PROTOTYPES = YES;
				CLANG_WARN_SUSPICIOUS_MOVE = YES;
				CLANG_WARN_UNGUARDED_AVAILABILITY = YES_AGGRESSIVE;
				CLANG_WARN_UNREACHABLE_CODE = YES;
				CLANG_WARN__DUPLICATE_METHOD_MATCH = YES;
				COPY_PHASE_STRIP = NO;
				DEBUG_INFORMATION_FORMAT = dwarf;
				ENABLE_STRICT_OBJC_MSGSEND = YES;
				ENABLE_TESTABILITY = YES;
				ENABLE_USER_SCRIPT_SANDBOXING = YES;
				GCC_C_LANGUAGE_STANDARD = gnu17;
				GCC_DYNAMIC_NO_PIC = NO;
				GCC_NO_COMMON_BLOCKS = YES;
				GCC_OPTIMIZATION_LEVEL = 0;
				GCC_PREPROCESSOR_DEFINITIONS = (
					"DEBUG=1",
					"$(inherited)",
				);
				GCC_WARN_64_TO_32_BIT_CONVERSION = YES;
				GCC_WARN_ABOUT_RETURN_TYPE = YES_ERROR;
				GCC_WARN_UNDECLARED_SELECTOR = YES;
				GCC_WARN_UNINITIALIZED_AUTOS = YES_AGGRESSIVE;
				GCC_WARN_UNUSED_FUNCTION = YES;
				GCC_WARN_UNUSED_VARIABLE = YES;
				IPHONEOS_DEPLOYMENT_TARGET = 17.4;
				LOCALIZATION_PREFERS_STRING_CATALOGS = YES;
				MTL_ENABLE_DEBUG_INFO = INCLUDE_SOURCE;
				MTL_FAST_MATH = YES;
				ONLY_ACTIVE_ARCH = YES;
				SDKROOT = iphoneos;
				SWIFT_ACTIVE_COMPILATION_CONDITIONS = "DEBUG $(inherited)";
				SWIFT_OPTIMIZATION_LEVEL = "-Onone";
			};
			name = Debug;
		};
		D6832E882BCE5FE200DE08E8 /* Release */ = {
			isa = XCBuildConfiguration;
			buildSettings = {
				ALWAYS_SEARCH_USER_PATHS = NO;
				ASSETCATALOG_COMPILER_GENERATE_SWIFT_ASSET_SYMBOL_EXTENSIONS = YES;
				CLANG_ANALYZER_NONNULL = YES;
				CLANG_ANALYZER_NUMBER_OBJECT_CONVERSION = YES_AGGRESSIVE;
				CLANG_CXX_LANGUAGE_STANDARD = "gnu++20";
				CLANG_ENABLE_MODULES = YES;
				CLANG_ENABLE_OBJC_ARC = YES;
				CLANG_ENABLE_OBJC_WEAK = YES;
				CLANG_WARN_BLOCK_CAPTURE_AUTORELEASING = YES;
				CLANG_WARN_BOOL_CONVERSION = YES;
				CLANG_WARN_COMMA = YES;
				CLANG_WARN_CONSTANT_CONVERSION = YES;
				CLANG_WARN_DEPRECATED_OBJC_IMPLEMENTATIONS = YES;
				CLANG_WARN_DIRECT_OBJC_ISA_USAGE = YES_ERROR;
				CLANG_WARN_DOCUMENTATION_COMMENTS = YES;
				CLANG_WARN_EMPTY_BODY = YES;
				CLANG_WARN_ENUM_CONVERSION = YES;
				CLANG_WARN_INFINITE_RECURSION = YES;
				CLANG_WARN_INT_CONVERSION = YES;
				CLANG_WARN_NON_LITERAL_NULL_CONVERSION = YES;
				CLANG_WARN_OBJC_IMPLICIT_RETAIN_SELF = YES;
				CLANG_WARN_OBJC_LITERAL_CONVERSION = YES;
				CLANG_WARN_OBJC_ROOT_CLASS = YES_ERROR;
				CLANG_WARN_QUOTED_INCLUDE_IN_FRAMEWORK_HEADER = YES;
				CLANG_WARN_RANGE_LOOP_ANALYSIS = YES;
				CLANG_WARN_STRICT_PROTOTYPES = YES;
				CLANG_WARN_SUSPICIOUS_MOVE = YES;
				CLANG_WARN_UNGUARDED_AVAILABILITY = YES_AGGRESSIVE;
				CLANG_WARN_UNREACHABLE_CODE = YES;
				CLANG_WARN__DUPLICATE_METHOD_MATCH = YES;
				COPY_PHASE_STRIP = NO;
				DEBUG_INFORMATION_FORMAT = "dwarf-with-dsym";
				ENABLE_NS_ASSERTIONS = NO;
				ENABLE_STRICT_OBJC_MSGSEND = YES;
				ENABLE_USER_SCRIPT_SANDBOXING = YES;
				GCC_C_LANGUAGE_STANDARD = gnu17;
				GCC_NO_COMMON_BLOCKS = YES;
				GCC_WARN_64_TO_32_BIT_CONVERSION = YES;
				GCC_WARN_ABOUT_RETURN_TYPE = YES_ERROR;
				GCC_WARN_UNDECLARED_SELECTOR = YES;
				GCC_WARN_UNINITIALIZED_AUTOS = YES_AGGRESSIVE;
				GCC_WARN_UNUSED_FUNCTION = YES;
				GCC_WARN_UNUSED_VARIABLE = YES;
				IPHONEOS_DEPLOYMENT_TARGET = 17.4;
				LOCALIZATION_PREFERS_STRING_CATALOGS = YES;
				MTL_ENABLE_DEBUG_INFO = NO;
				MTL_FAST_MATH = YES;
				SDKROOT = iphoneos;
				SWIFT_COMPILATION_MODE = wholemodule;
				VALIDATE_PRODUCT = YES;
			};
			name = Release;
		};
		D6832E8A2BCE5FE200DE08E8 /* Debug */ = {
			isa = XCBuildConfiguration;
			buildSettings = {
				ASSETCATALOG_COMPILER_APPICON_NAME = AppIcon;
				ASSETCATALOG_COMPILER_GLOBAL_ACCENT_COLOR_NAME = AccentColor;
				CODE_SIGN_STYLE = Automatic;
				CURRENT_PROJECT_VERSION = 1;
				DEVELOPMENT_ASSET_PATHS = "\"StateObjectObservedObject/Preview Content\"";
				DEVELOPMENT_TEAM = K6LJCT8RAA;
				ENABLE_PREVIEWS = YES;
				GENERATE_INFOPLIST_FILE = YES;
				INFOPLIST_KEY_UIApplicationSceneManifest_Generation = YES;
				INFOPLIST_KEY_UIApplicationSupportsIndirectInputEvents = YES;
				INFOPLIST_KEY_UILaunchScreen_Generation = YES;
				INFOPLIST_KEY_UISupportedInterfaceOrientations_iPad = "UIInterfaceOrientationPortrait UIInterfaceOrientationPortraitUpsideDown UIInterfaceOrientationLandscapeLeft UIInterfaceOrientationLandscapeRight";
				INFOPLIST_KEY_UISupportedInterfaceOrientations_iPhone = "UIInterfaceOrientationPortrait UIInterfaceOrientationLandscapeLeft UIInterfaceOrientationLandscapeRight";
				LD_RUNPATH_SEARCH_PATHS = (
					"$(inherited)",
					"@executable_path/Frameworks",
				);
				MARKETING_VERSION = 1.0;
				PRODUCT_BUNDLE_IDENTIFIER = com.template.StateObjectObservedObject;
				PRODUCT_NAME = "$(TARGET_NAME)";
				SWIFT_EMIT_LOC_STRINGS = YES;
				SWIFT_VERSION = 5.0;
				TARGETED_DEVICE_FAMILY = "1,2";
			};
			name = Debug;
		};
		D6832E8B2BCE5FE200DE08E8 /* Release */ = {
			isa = XCBuildConfiguration;
			buildSettings = {
				ASSETCATALOG_COMPILER_APPICON_NAME = AppIcon;
				ASSETCATALOG_COMPILER_GLOBAL_ACCENT_COLOR_NAME = AccentColor;
				CODE_SIGN_STYLE = Automatic;
				CURRENT_PROJECT_VERSION = 1;
				DEVELOPMENT_ASSET_PATHS = "\"StateObjectObservedObject/Preview Content\"";
				DEVELOPMENT_TEAM = K6LJCT8RAA;
				ENABLE_PREVIEWS = YES;
				GENERATE_INFOPLIST_FILE = YES;
				INFOPLIST_KEY_UIApplicationSceneManifest_Generation = YES;
				INFOPLIST_KEY_UIApplicationSupportsIndirectInputEvents = YES;
				INFOPLIST_KEY_UILaunchScreen_Generation = YES;
				INFOPLIST_KEY_UISupportedInterfaceOrientations_iPad = "UIInterfaceOrientationPortrait UIInterfaceOrientationPortraitUpsideDown UIInterfaceOrientationLandscapeLeft UIInterfaceOrientationLandscapeRight";
				INFOPLIST_KEY_UISupportedInterfaceOrientations_iPhone = "UIInterfaceOrientationPortrait UIInterfaceOrientationLandscapeLeft UIInterfaceOrientationLandscapeRight";
				LD_RUNPATH_SEARCH_PATHS = (
					"$(inherited)",
					"@executable_path/Frameworks",
				);
				MARKETING_VERSION = 1.0;
				PRODUCT_BUNDLE_IDENTIFIER = com.template.StateObjectObservedObject;
				PRODUCT_NAME = "$(TARGET_NAME)";
				SWIFT_EMIT_LOC_STRINGS = YES;
				SWIFT_VERSION = 5.0;
				TARGETED_DEVICE_FAMILY = "1,2";
			};
			name = Release;
		};
		D6832E8D2BCE5FE200DE08E8 /* Debug */ = {
			isa = XCBuildConfiguration;
			buildSettings = {
				ALWAYS_EMBED_SWIFT_STANDARD_LIBRARIES = YES;
				BUNDLE_LOADER = "$(TEST_HOST)";
				CODE_SIGN_STYLE = Automatic;
				CURRENT_PROJECT_VERSION = 1;
				DEVELOPMENT_TEAM = K6LJCT8RAA;
				GENERATE_INFOPLIST_FILE = YES;
				IPHONEOS_DEPLOYMENT_TARGET = 17.4;
				MARKETING_VERSION = 1.0;
				PRODUCT_BUNDLE_IDENTIFIER = com.template.StateObjectObservedObjectTests;
				PRODUCT_NAME = "$(TARGET_NAME)";
				SWIFT_EMIT_LOC_STRINGS = NO;
				SWIFT_VERSION = 5.0;
				TARGETED_DEVICE_FAMILY = "1,2";
				TEST_HOST = "$(BUILT_PRODUCTS_DIR)/StateObjectObservedObject.app/$(BUNDLE_EXECUTABLE_FOLDER_PATH)/StateObjectObservedObject";
			};
			name = Debug;
		};
		D6832E8E2BCE5FE200DE08E8 /* Release */ = {
			isa = XCBuildConfiguration;
			buildSettings = {
				ALWAYS_EMBED_SWIFT_STANDARD_LIBRARIES = YES;
				BUNDLE_LOADER = "$(TEST_HOST)";
				CODE_SIGN_STYLE = Automatic;
				CURRENT_PROJECT_VERSION = 1;
				DEVELOPMENT_TEAM = K6LJCT8RAA;
				GENERATE_INFOPLIST_FILE = YES;
				IPHONEOS_DEPLOYMENT_TARGET = 17.4;
				MARKETING_VERSION = 1.0;
				PRODUCT_BUNDLE_IDENTIFIER = com.template.StateObjectObservedObjectTests;
				PRODUCT_NAME = "$(TARGET_NAME)";
				SWIFT_EMIT_LOC_STRINGS = NO;
				SWIFT_VERSION = 5.0;
				TARGETED_DEVICE_FAMILY = "1,2";
				TEST_HOST = "$(BUILT_PRODUCTS_DIR)/StateObjectObservedObject.app/$(BUNDLE_EXECUTABLE_FOLDER_PATH)/StateObjectObservedObject";
			};
			name = Release;
		};
		D6832E902BCE5FE200DE08E8 /* Debug */ = {
			isa = XCBuildConfiguration;
			buildSettings = {
				ALWAYS_EMBED_SWIFT_STANDARD_LIBRARIES = YES;
				CODE_SIGN_STYLE = Automatic;
				CURRENT_PROJECT_VERSION = 1;
				DEVELOPMENT_TEAM = K6LJCT8RAA;
				GENERATE_INFOPLIST_FILE = YES;
				MARKETING_VERSION = 1.0;
				PRODUCT_BUNDLE_IDENTIFIER = com.template.StateObjectObservedObjectUITests;
				PRODUCT_NAME = "$(TARGET_NAME)";
				SWIFT_EMIT_LOC_STRINGS = NO;
				SWIFT_VERSION = 5.0;
				TARGETED_DEVICE_FAMILY = "1,2";
				TEST_TARGET_NAME = StateObjectObservedObject;
			};
			name = Debug;
		};
		D6832E912BCE5FE200DE08E8 /* Release */ = {
			isa = XCBuildConfiguration;
			buildSettings = {
				ALWAYS_EMBED_SWIFT_STANDARD_LIBRARIES = YES;
				CODE_SIGN_STYLE = Automatic;
				CURRENT_PROJECT_VERSION = 1;
				DEVELOPMENT_TEAM = K6LJCT8RAA;
				GENERATE_INFOPLIST_FILE = YES;
				MARKETING_VERSION = 1.0;
				PRODUCT_BUNDLE_IDENTIFIER = com.template.StateObjectObservedObjectUITests;
				PRODUCT_NAME = "$(TARGET_NAME)";
				SWIFT_EMIT_LOC_STRINGS = NO;
				SWIFT_VERSION = 5.0;
				TARGETED_DEVICE_FAMILY = "1,2";
				TEST_TARGET_NAME = StateObjectObservedObject;
			};
			name = Release;
		};
/* End XCBuildConfiguration section */

/* Begin XCConfigurationList section */
		D6832E602BCE5FE000DE08E8 /* Build configuration list for PBXProject "StateObjectObservedObject" */ = {
			isa = XCConfigurationList;
			buildConfigurations = (
				D6832E872BCE5FE200DE08E8 /* Debug */,
				D6832E882BCE5FE200DE08E8 /* Release */,
			);
			defaultConfigurationIsVisible = 0;
			defaultConfigurationName = Release;
		};
		D6832E892BCE5FE200DE08E8 /* Build configuration list for PBXNativeTarget "StateObjectObservedObject" */ = {
			isa = XCConfigurationList;
			buildConfigurations = (
				D6832E8A2BCE5FE200DE08E8 /* Debug */,
				D6832E8B2BCE5FE200DE08E8 /* Release */,
			);
			defaultConfigurationIsVisible = 0;
			defaultConfigurationName = Release;
		};
		D6832E8C2BCE5FE200DE08E8 /* Build configuration list for PBXNativeTarget "StateObjectObservedObjectTests" */ = {
			isa = XCConfigurationList;
			buildConfigurations = (
				D6832E8D2BCE5FE200DE08E8 /* Debug */,
				D6832E8E2BCE5FE200DE08E8 /* Release */,
			);
			defaultConfigurationIsVisible = 0;
			defaultConfigurationName = Release;
		};
		D6832E8F2BCE5FE200DE08E8 /* Build configuration list for PBXNativeTarget "StateObjectObservedObjectUITests" */ = {
			isa = XCConfigurationList;
			buildConfigurations = (
				D6832E902BCE5FE200DE08E8 /* Debug */,
				D6832E912BCE5FE200DE08E8 /* Release */,
			);
			defaultConfigurationIsVisible = 0;
			defaultConfigurationName = Release;
		};
/* End XCConfigurationList section */
	};
	rootObject = D6832E5D2BCE5FE000DE08E8 /* Project object */;
}
